
Microsoft Visual Studio Solution File, Format Version 12.00
# Visual Studio 15
VisualStudioVersion = 15.0.27703.2026
MinimumVisualStudioVersion = 10.0.40219.1
Project("{8BC9CEB8-8B4A-11D0-8D11-00A0C91BC942}") = "client", "client\client.vcxproj", "{978B869A-F5A2-470E-94A8-FE26C874B12E}"
EndProject
Project("{8BC9CEB8-8B4A-11D0-8D11-00A0C91BC942}") = "capture", "..\capture\capture.vcxproj", "{24832225-3176-4272-BDC2-76D4B2B2BFE2}"
EndProject
Global
	GlobalSection(SolutionConfigurationPlatforms) = preSolution
		Debug|x64 = Debug|x64
		Debug|x86 = Debug|x86
		Release|x64 = Release|x64
		Release|x86 = Release|x86
	EndGlobalSection
	GlobalSection(ProjectConfigurationPlatforms) = postSolution
		{978B869A-F5A2-470E-94A8-FE26C874B12E}.Debug|x64.ActiveCfg = Debug|x64
		{978B869A-F5A2-470E-94A8-FE26C874B12E}.Debug|x64.Build.0 = Debug|x64
		{978B869A-F5A2-470E-94A8-FE26C874B12E}.Debug|x86.ActiveCfg = Debug|Win32
		{978B869A-F5A2-470E-94A8-FE26C874B12E}.Debug|x86.Build.0 = Debug|Win32
		{978B869A-F5A2-470E-94A8-FE26C874B12E}.Release|x64.ActiveCfg = Release|x64
		{978B869A-F5A2-470E-94A8-FE26C874B12E}.Release|x64.Build.0 = Release|x64
		{978B869A-F5A2-470E-94A8-FE26C874B12E}.Release|x86.ActiveCfg = Release|Win32
		{978B869A-F5A2-470E-94A8-FE26C874B12E}.Release|x86.Build.0 = Release|Win32
		{24832225-3176-4272-BDC2-76D4B2B2BFE2}.Debug|x64.ActiveCfg = Debug|x64
		{24832225-3176-4272-BDC2-76D4B2B2BFE2}.Debug|x64.Build.0 = Debug|x64
		{24832225-3176-4272-BDC2-76D4B2B2BFE2}.Debug|x86.ActiveCfg = Debug|Win32
		{24832225-3176-4272-BDC2-76D4B2B2BFE2}.Debug|x86.Build.0 = Debug|Win32
		{24832225-3176-4272-BDC2-76D4B2B2BFE2}.Release|x64.ActiveCfg = Release|x64
		{24832225-3176-4272-BDC2-76D4B2B2BFE2}.Release|x64.Build.0 = Release|x64
		{24832225-3176-4272-BDC2-76D4B2B2BFE2}.Release|x86.ActiveCfg = Release|Win32
		{24832225-3176-4272-BDC2-76D4B2B2BFE2}.Release|x86.Build.0 = Release|Win32
	EndGlobalSection
	GlobalSection(SolutionProperties) = preSolution
		HideSolutionNode = FALSE
	EndGlobalSection
	GlobalSection(ExtensibilityGlobals) = postSolution
		SolutionGuid = {88483159-2AA7-4190-808E-73009F373460}
	EndGlobalSection
EndGlobal
